
Microsoft Visual Studio Solution File, Format Version 12.00
# Visual Studio 15
VisualStudioVersion = 15.0.28010.2046
MinimumVisualStudioVersion = 10.0.40219.1
Project("{FAE04EC0-301F-11D3-BF4B-00C04F79EFBC}") = "Exo2b", "Exo2b.csproj", "{536A0AC7-33BE-49D7-A472-8F8E80191C98}"
EndProject
Global
	GlobalSection(SolutionConfigurationPlatforms) = preSolution
		Debug|Any CPU = Debug|Any CPU
		Release|Any CPU = Release|Any CPU
	EndGlobalSection
	GlobalSection(ProjectConfigurationPlatforms) = postSolution
		{536A0AC7-33BE-49D7-A472-8F8E80191C98}.Debug|Any CPU.ActiveCfg = Debug|Any CPU
		{536A0AC7-33BE-49D7-A472-8F8E80191C98}.Debug|Any CPU.Build.0 = Debug|Any CPU
		{536A0AC7-33BE-49D7-A472-8F8E80191C98}.Release|Any CPU.ActiveCfg = Release|Any CPU
		{536A0AC7-33BE-49D7-A472-8F8E80191C98}.Release|Any CPU.Build.0 = Release|Any CPU
	EndGlobalSection
	GlobalSection(SolutionProperties) = preSolution
		HideSolutionNode = FALSE
	EndGlobalSection
	GlobalSection(ExtensibilityGlobals) = postSolution
		SolutionGuid = {D4BCB880-D73B-4391-BAD1-4E9D42796695}
	EndGlobalSection
EndGlobal
